
Microsoft Visual Studio Solution File, Format Version 12.00
# Visual Studio 15
VisualStudioVersion = 15.0.27130.2036
MinimumVisualStudioVersion = 10.0.40219.1
Project("{2150E333-8FDC-42A3-9474-1A3956D46DE8}") = "DAL", "DAL", "{71386C55-C82C-49F5-AB05-57DD8AF5FC18}"
EndProject
Project("{FAE04EC0-301F-11D3-BF4B-00C04F79EFBC}") = "Domain", "Domain\Domain.csproj", "{DA999B11-C0BC-46BB-A43E-1B47AA34CCDD}"
EndProject
Project("{2150E333-8FDC-42A3-9474-1A3956D46DE8}") = "Host", "Host", "{04585ED4-8D24-4672-9CD5-A0C7E99D50D3}"
EndProject
Project("{2150E333-8FDC-42A3-9474-1A3956D46DE8}") = "Client", "Client", "{7278865B-B3B1-49FC-8FA4-30492AE5364A}"
EndProject
Project("{FAE04EC0-301F-11D3-BF4B-00C04F79EFBC}") = "MongoDb", "DAL\MongoDb\MongoDb.csproj", "{70876BF7-DAD8-47F4-9B24-B21FFB01B5EC}"
EndProject
Project("{FAE04EC0-301F-11D3-BF4B-00C04F79EFBC}") = "Base", "Host\Base\Base.csproj", "{26F5B3EE-C182-4DC8-8E25-5834FDDE9D17}"
EndProject
Project("{FAE04EC0-301F-11D3-BF4B-00C04F79EFBC}") = "Console", "Host\Console\Console.csproj", "{975E8280-C51E-444A-ADE4-9C7311BF8EA9}"
EndProject
Project("{FAE04EC0-301F-11D3-BF4B-00C04F79EFBC}") = "Base", "Client\Base\Base.csproj", "{DE4A767A-982C-497A-B369-93D582B495A4}"
EndProject
Project("{FAE04EC0-301F-11D3-BF4B-00C04F79EFBC}") = "Wpf", "Client\Wpf\Wpf.csproj", "{C44B1F7D-102D-44DF-8A26-FCA34C35D469}"
EndProject
Global
	GlobalSection(SolutionConfigurationPlatforms) = preSolution
		Debug|Any CPU = Debug|Any CPU
		Release|Any CPU = Release|Any CPU
	EndGlobalSection
	GlobalSection(ProjectConfigurationPlatforms) = postSolution
		{DA999B11-C0BC-46BB-A43E-1B47AA34CCDD}.Debug|Any CPU.ActiveCfg = Debug|Any CPU
		{DA999B11-C0BC-46BB-A43E-1B47AA34CCDD}.Debug|Any CPU.Build.0 = Debug|Any CPU
		{DA999B11-C0BC-46BB-A43E-1B47AA34CCDD}.Release|Any CPU.ActiveCfg = Release|Any CPU
		{DA999B11-C0BC-46BB-A43E-1B47AA34CCDD}.Release|Any CPU.Build.0 = Release|Any CPU
		{70876BF7-DAD8-47F4-9B24-B21FFB01B5EC}.Debug|Any CPU.ActiveCfg = Debug|Any CPU
		{70876BF7-DAD8-47F4-9B24-B21FFB01B5EC}.Debug|Any CPU.Build.0 = Debug|Any CPU
		{70876BF7-DAD8-47F4-9B24-B21FFB01B5EC}.Release|Any CPU.ActiveCfg = Release|Any CPU
		{70876BF7-DAD8-47F4-9B24-B21FFB01B5EC}.Release|Any CPU.Build.0 = Release|Any CPU
		{26F5B3EE-C182-4DC8-8E25-5834FDDE9D17}.Debug|Any CPU.ActiveCfg = Debug|Any CPU
		{26F5B3EE-C182-4DC8-8E25-5834FDDE9D17}.Debug|Any CPU.Build.0 = Debug|Any CPU
		{26F5B3EE-C182-4DC8-8E25-5834FDDE9D17}.Release|Any CPU.ActiveCfg = Release|Any CPU
		{26F5B3EE-C182-4DC8-8E25-5834FDDE9D17}.Release|Any CPU.Build.0 = Release|Any CPU
		{975E8280-C51E-444A-ADE4-9C7311BF8EA9}.Debug|Any CPU.ActiveCfg = Debug|Any CPU
		{975E8280-C51E-444A-ADE4-9C7311BF8EA9}.Debug|Any CPU.Build.0 = Debug|Any CPU
		{975E8280-C51E-444A-ADE4-9C7311BF8EA9}.Release|Any CPU.ActiveCfg = Release|Any CPU
		{975E8280-C51E-444A-ADE4-9C7311BF8EA9}.Release|Any CPU.Build.0 = Release|Any CPU
		{DE4A767A-982C-497A-B369-93D582B495A4}.Debug|Any CPU.ActiveCfg = Debug|Any CPU
		{DE4A767A-982C-497A-B369-93D582B495A4}.Debug|Any CPU.Build.0 = Debug|Any CPU
		{DE4A767A-982C-497A-B369-93D582B495A4}.Release|Any CPU.ActiveCfg = Release|Any CPU
		{DE4A767A-982C-497A-B369-93D582B495A4}.Release|Any CPU.Build.0 = Release|Any CPU
		{C44B1F7D-102D-44DF-8A26-FCA34C35D469}.Debug|Any CPU.ActiveCfg = Debug|Any CPU
		{C44B1F7D-102D-44DF-8A26-FCA34C35D469}.Debug|Any CPU.Build.0 = Debug|Any CPU
		{C44B1F7D-102D-44DF-8A26-FCA34C35D469}.Release|Any CPU.ActiveCfg = Release|Any CPU
		{C44B1F7D-102D-44DF-8A26-FCA34C35D469}.Release|Any CPU.Build.0 = Release|Any CPU
	EndGlobalSection
	GlobalSection(SolutionProperties) = preSolution
		HideSolutionNode = FALSE
	EndGlobalSection
	GlobalSection(NestedProjects) = preSolution
		{70876BF7-DAD8-47F4-9B24-B21FFB01B5EC} = {71386C55-C82C-49F5-AB05-57DD8AF5FC18}
		{26F5B3EE-C182-4DC8-8E25-5834FDDE9D17} = {04585ED4-8D24-4672-9CD5-A0C7E99D50D3}
		{975E8280-C51E-444A-ADE4-9C7311BF8EA9} = {04585ED4-8D24-4672-9CD5-A0C7E99D50D3}
		{DE4A767A-982C-497A-B369-93D582B495A4} = {7278865B-B3B1-49FC-8FA4-30492AE5364A}
		{C44B1F7D-102D-44DF-8A26-FCA34C35D469} = {7278865B-B3B1-49FC-8FA4-30492AE5364A}
	EndGlobalSection
	GlobalSection(ExtensibilityGlobals) = postSolution
		SolutionGuid = {5FAF98D6-6BFB-4EB6-A3DA-4AC369E2A05E}
	EndGlobalSection
EndGlobal
